
Microsoft Visual Studio Solution File, Format Version 12.00
# Visual Studio 2013
VisualStudioVersion = 12.0.31101.0
MinimumVisualStudioVersion = 10.0.40219.1
Project("{8BC9CEB8-8B4A-11D0-8D11-00A0C91BC942}") = "SmartHouse", "SmartHouseMain\SmartHouseMain.vcxproj", "{F0DD8534-A6CD-4C07-81B1-9DE1CDF899BF}"
EndProject
Global
	GlobalSection(SolutionConfigurationPlatforms) = preSolution
		Debug|Win32 = Debug|Win32
		Release|Win32 = Release|Win32
	EndGlobalSection
	GlobalSection(ProjectConfigurationPlatforms) = postSolution
		{F0DD8534-A6CD-4C07-81B1-9DE1CDF899BF}.Debug|Win32.ActiveCfg = Debug|Win32
		{F0DD8534-A6CD-4C07-81B1-9DE1CDF899BF}.Debug|Win32.Build.0 = Debug|Win32
		{F0DD8534-A6CD-4C07-81B1-9DE1CDF899BF}.Release|Win32.ActiveCfg = Release|Win32
		{F0DD8534-A6CD-4C07-81B1-9DE1CDF899BF}.Release|Win32.Build.0 = Release|Win32
	EndGlobalSection
	GlobalSection(SolutionProperties) = preSolution
		HideSolutionNode = FALSE
	EndGlobalSection
EndGlobal
